// !$*UTF8*$!
{
	archiveVersion = 1;
	classes = {
	};
	objectVersion = 56;
	objects = {

/* Begin PBXBuildFile section */
		4D259A9C2C89413E0071A220 /* Spend_LogApp.swift in Sources */ = {isa = PBXBuildFile; fileRef = 4D259A9B2C89413E0071A220 /* Spend_LogApp.swift */; };
		4D259A9E2C89413E0071A220 /* ContentView.swift in Sources */ = {isa = PBXBuildFile; fileRef = 4D259A9D2C89413E0071A220 /* ContentView.swift */; };
		4D259AA02C8941400071A220 /* Assets.xcassets in Resources */ = {isa = PBXBuildFile; fileRef = 4D259A9F2C8941400071A220 /* Assets.xcassets */; };
		4D259AA32C8941400071A220 /* Preview Assets.xcassets in Resources */ = {isa = PBXBuildFile; fileRef = 4D259AA22C8941400071A220 /* Preview Assets.xcassets */; };
		4D259AAD2C8941400071A220 /* Spend_LogTests.swift in Sources */ = {isa = PBXBuildFile; fileRef = 4D259AAC2C8941400071A220 /* Spend_LogTests.swift */; };
		4D259AB72C8941400071A220 /* Spend_LogUITests.swift in Sources */ = {isa = PBXBuildFile; fileRef = 4D259AB62C8941400071A220 /* Spend_LogUITests.swift */; };
		4D259AB92C8941400071A220 /* Spend_LogUITestsLaunchTests.swift in Sources */ = {isa = PBXBuildFile; fileRef = 4D259AB82C8941400071A220 /* Spend_LogUITestsLaunchTests.swift */; };
/* End PBXBuildFile section */

/* Begin PBXContainerItemProxy section */
		4D259AA92C8941400071A220 /* PBXContainerItemProxy */ = {
			isa = PBXContainerItemProxy;
			containerPortal = 4D259A902C89413E0071A220 /* Project object */;
			proxyType = 1;
			remoteGlobalIDString = 4D259A972C89413E0071A220;
			remoteInfo = "Spend Log";
		};
		4D259AB32C8941400071A220 /* PBXContainerItemProxy */ = {
			isa = PBXContainerItemProxy;
			containerPortal = 4D259A902C89413E0071A220 /* Project object */;
			proxyType = 1;
			remoteGlobalIDString = 4D259A972C89413E0071A220;
			remoteInfo = "Spend Log";
		};
/* End PBXContainerItemProxy section */

/* Begin PBXFileReference section */
		4D259A982C89413E0071A220 /* Spend Log.app */ = {isa = PBXFileReference; explicitFileType = wrapper.application; includeInIndex = 0; path = "Spend Log.app"; sourceTree = BUILT_PRODUCTS_DIR; };
		4D259A9B2C89413E0071A220 /* Spend_LogApp.swift */ = {isa = PBXFileReference; lastKnownFileType = sourcecode.swift; path = Spend_LogApp.swift; sourceTree = "<group>"; };
		4D259A9D2C89413E0071A220 /* ContentView.swift */ = {isa = PBXFileReference; lastKnownFileType = sourcecode.swift; path = ContentView.swift; sourceTree = "<group>"; };
		4D259A9F2C8941400071A220 /* Assets.xcassets */ = {isa = PBXFileReference; lastKnownFileType = folder.assetcatalog; path = Assets.xcassets; sourceTree = "<group>"; };
		4D259AA22C8941400071A220 /* Preview Assets.xcassets */ = {isa = PBXFileReference; lastKnownFileType = folder.assetcatalog; path = "Preview Assets.xcassets"; sourceTree = "<group>"; };
		4D259AA82C8941400071A220 /* Spend LogTests.xctest */ = {isa = PBXFileReference; explicitFileType = wrapper.cfbundle; includeInIndex = 0; path = "Spend LogTests.xctest"; sourceTree = BUILT_PRODUCTS_DIR; };
		4D259AAC2C8941400071A220 /* Spend_LogTests.swift */ = {isa = PBXFileReference; lastKnownFileType = sourcecode.swift; path = Spend_LogTests.swift; sourceTree = "<group>"; };
		4D259AB22C8941400071A220 /* Spend LogUITests.xctest */ = {isa = PBXFileReference; explicitFileType = wrapper.cfbundle; includeInIndex = 0; path = "Spend LogUITests.xctest"; sourceTree = BUILT_PRODUCTS_DIR; };
		4D259AB62C8941400071A220 /* Spend_LogUITests.swift */ = {isa = PBXFileReference; lastKnownFileType = sourcecode.swift; path = Spend_LogUITests.swift; sourceTree = "<group>"; };
		4D259AB82C8941400071A220 /* Spend_LogUITestsLaunchTests.swift */ = {isa = PBXFileReference; lastKnownFileType = sourcecode.swift; path = Spend_LogUITestsLaunchTests.swift; sourceTree = "<group>"; };
/* End PBXFileReference section */

/* Begin PBXFrameworksBuildPhase section */
		4D259A952C89413E0071A220 /* Frameworks */ = {
			isa = PBXFrameworksBuildPhase;
			buildActionMask = 2147483647;
			files = (
			);
			runOnlyForDeploymentPostprocessing = 0;
		};
		4D259AA52C8941400071A220 /* Frameworks */ = {
			isa = PBXFrameworksBuildPhase;
			buildActionMask = 2147483647;
			files = (
			);
			runOnlyForDeploymentPostprocessing = 0;
		};
		4D259AAF2C8941400071A220 /* Frameworks */ = {
			isa = PBXFrameworksBuildPhase;
			buildActionMask = 2147483647;
			files = (
			);
			runOnlyForDeploymentPostprocessing = 0;
		};
/* End PBXFrameworksBuildPhase section */

/* Begin PBXGroup section */
		4D259A8F2C89413E0071A220 = {
			isa = PBXGroup;
			children = (
				4D259A9A2C89413E0071A220 /* Spend Log */,
				4D259AAB2C8941400071A220 /* Spend LogTests */,
				4D259AB52C8941400071A220 /* Spend LogUITests */,
				4D259A992C89413E0071A220 /* Products */,
			);
			sourceTree = "<group>";
		};
		4D259A992C89413E0071A220 /* Products */ = {
			isa = PBXGroup;
			children = (
				4D259A982C89413E0071A220 /* Spend Log.app */,
				4D259AA82C8941400071A220 /* Spend LogTests.xctest */,
				4D259AB22C8941400071A220 /* Spend LogUITests.xctest */,
			);
			name = Products;
			sourceTree = "<group>";
		};
		4D259A9A2C89413E0071A220 /* Spend Log */ = {
			isa = PBXGroup;
			children = (
				4D259A9B2C89413E0071A220 /* Spend_LogApp.swift */,
				4D259A9D2C89413E0071A220 /* ContentView.swift */,
				4D259A9F2C8941400071A220 /* Assets.xcassets */,
				4D259AA12C8941400071A220 /* Preview Content */,
			);
			path = "Spend Log";
			sourceTree = "<group>";
		};
		4D259AA12C8941400071A220 /* Preview Content */ = {
			isa = PBXGroup;
			children = (
				4D259AA22C8941400071A220 /* Preview Assets.xcassets */,
			);
			path = "Preview Content";
			sourceTree = "<group>";
		};
		4D259AAB2C8941400071A220 /* Spend LogTests */ = {
			isa = PBXGroup;
			children = (
				4D259AAC2C8941400071A220 /* Spend_LogTests.swift */,
			);
			path = "Spend LogTests";
			sourceTree = "<group>";
		};
		4D259AB52C8941400071A220 /* Spend LogUITests */ = {
			isa = PBXGroup;
			children = (
				4D259AB62C8941400071A220 /* Spend_LogUITests.swift */,
				4D259AB82C8941400071A220 /* Spend_LogUITestsLaunchTests.swift */,
			);
			path = "Spend LogUITests";
			sourceTree = "<group>";
		};
/* End PBXGroup section */

/* Begin PBXNativeTarget section */
		4D259A972C89413E0071A220 /* Spend Log */ = {
			isa = PBXNativeTarget;
			buildConfigurationList = 4D259ABC2C8941400071A220 /* Build configuration list for PBXNativeTarget "Spend Log" */;
			buildPhases = (
				4D259A942C89413E0071A220 /* Sources */,
				4D259A952C89413E0071A220 /* Frameworks */,
				4D259A962C89413E0071A220 /* Resources */,
			);
			buildRules = (
			);
			dependencies = (
			);
			name = "Spend Log";
			productName = "Spend Log";
			productReference = 4D259A982C89413E0071A220 /* Spend Log.app */;
			productType = "com.apple.product-type.application";
		};
		4D259AA72C8941400071A220 /* Spend LogTests */ = {
			isa = PBXNativeTarget;
			buildConfigurationList = 4D259ABF2C8941400071A220 /* Build configuration list for PBXNativeTarget "Spend LogTests" */;
			buildPhases = (
				4D259AA42C8941400071A220 /* Sources */,
				4D259AA52C8941400071A220 /* Frameworks */,
				4D259AA62C8941400071A220 /* Resources */,
			);
			buildRules = (
			);
			dependencies = (
				4D259AAA2C8941400071A220 /* PBXTargetDependency */,
			);
			name = "Spend LogTests";
			productName = "Spend LogTests";
			productReference = 4D259AA82C8941400071A220 /* Spend LogTests.xctest */;
			productType = "com.apple.product-type.bundle.unit-test";
		};
		4D259AB12C8941400071A220 /* Spend LogUITests */ = {
			isa = PBXNativeTarget;
			buildConfigurationList = 4D259AC22C8941400071A220 /* Build configuration list for PBXNativeTarget "Spend LogUITests" */;
			buildPhases = (
				4D259AAE2C8941400071A220 /* Sources */,
				4D259AAF2C8941400071A220 /* Frameworks */,
				4D259AB02C8941400071A220 /* Resources */,
			);
			buildRules = (
			);
			dependencies = (
				4D259AB42C8941400071A220 /* PBXTargetDependency */,
			);
			name = "Spend LogUITests";
			productName = "Spend LogUITests";
			productReference = 4D259AB22C8941400071A220 /* Spend LogUITests.xctest */;
			productType = "com.apple.product-type.bundle.ui-testing";
		};
/* End PBXNativeTarget section */

/* Begin PBXProject section */
		4D259A902C89413E0071A220 /* Project object */ = {
			isa = PBXProject;
			attributes = {
				BuildIndependentTargetsInParallel = 1;
				LastSwiftUpdateCheck = 1540;
				LastUpgradeCheck = 1540;
				TargetAttributes = {
					4D259A972C89413E0071A220 = {
						CreatedOnToolsVersion = 15.4;
					};
					4D259AA72C8941400071A220 = {
						CreatedOnToolsVersion = 15.4;
						TestTargetID = 4D259A972C89413E0071A220;
					};
					4D259AB12C8941400071A220 = {
						CreatedOnToolsVersion = 15.4;
						TestTargetID = 4D259A972C89413E0071A220;
					};
				};
			};
			buildConfigurationList = 4D259A932C89413E0071A220 /* Build configuration list for PBXProject "Spend Log" */;
			compatibilityVersion = "Xcode 14.0";
			developmentRegion = en;
			hasScannedForEncodings = 0;
			knownRegions = (
				en,
				Base,
			);
			mainGroup = 4D259A8F2C89413E0071A220;
			productRefGroup = 4D259A992C89413E0071A220 /* Products */;
			projectDirPath = "";
			projectRoot = "";
			targets = (
				4D259A972C89413E0071A220 /* Spend Log */,
				4D259AA72C8941400071A220 /* Spend LogTests */,
				4D259AB12C8941400071A220 /* Spend LogUITests */,
			);
		};
/* End PBXProject section */

/* Begin PBXResourcesBuildPhase section */
		4D259A962C89413E0071A220 /* Resources */ = {
			isa = PBXResourcesBuildPhase;
			buildActionMask = 2147483647;
			files = (
				4D259AA32C8941400071A220 /* Preview Assets.xcassets in Resources */,
				4D259AA02C8941400071A220 /* Assets.xcassets in Resources */,
			);
			runOnlyForDeploymentPostprocessing = 0;
		};
		4D259AA62C8941400071A220 /* Resources */ = {
			isa = PBXResourcesBuildPhase;
			buildActionMask = 2147483647;
			files = (
			);
			runOnlyForDeploymentPostprocessing = 0;
		};
		4D259AB02C8941400071A220 /* Resources */ = {
			isa = PBXResourcesBuildPhase;
			buildActionMask = 2147483647;
			files = (
			);
			runOnlyForDeploymentPostprocessing = 0;
		};
/* End PBXResourcesBuildPhase section */

/* Begin PBXSourcesBuildPhase section */
		4D259A942C89413E0071A220 /* Sources */ = {
			isa = PBXSourcesBuildPhase;
			buildActionMask = 2147483647;
			files = (
				4D259A9E2C89413E0071A220 /* ContentView.swift in Sources */,
				4D259A9C2C89413E0071A220 /* Spend_LogApp.swift in Sources */,
			);
			runOnlyForDeploymentPostprocessing = 0;
		};
		4D259AA42C8941400071A220 /* Sources */ = {
			isa = PBXSourcesBuildPhase;
			buildActionMask = 2147483647;
			files = (
				4D259AAD2C8941400071A220 /* Spend_LogTests.swift in Sources */,
			);
			runOnlyForDeploymentPostprocessing = 0;
		};
		4D259AAE2C8941400071A220 /* Sources */ = {
			isa = PBXSourcesBuildPhase;
			buildActionMask = 2147483647;
			files = (
				4D259AB92C8941400071A220 /* Spend_LogUITestsLaunchTests.swift in Sources */,
				4D259AB72C8941400071A220 /* Spend_LogUITests.swift in Sources */,
			);
			runOnlyForDeploymentPostprocessing = 0;
		};
/* End PBXSourcesBuildPhase section */

/* Begin PBXTargetDependency section */
		4D259AAA2C8941400071A220 /* PBXTargetDependency */ = {
			isa = PBXTargetDependency;
			target = 4D259A972C89413E0071A220 /* Spend Log */;
			targetProxy = 4D259AA92C8941400071A220 /* PBXContainerItemProxy */;
		};
		4D259AB42C8941400071A220 /* PBXTargetDependency */ = {
			isa = PBXTargetDependency;
			target = 4D259A972C89413E0071A220 /* Spend Log */;
			targetProxy = 4D259AB32C8941400071A220 /* PBXContainerItemProxy */;
		};
/* End PBXTargetDependency section */

/* Begin XCBuildConfiguration section */
		4D259ABA2C8941400071A220 /* Debug */ = {
			isa = XCBuildConfiguration;
			buildSettings = {
				ALWAYS_SEARCH_USER_PATHS = NO;
				ASSETCATALOG_COMPILER_GENERATE_SWIFT_ASSET_SYMBOL_EXTENSIONS = YES;
				CLANG_ANALYZER_NONNULL = YES;
				CLANG_ANALYZER_NUMBER_OBJECT_CONVERSION = YES_AGGRESSIVE;
				CLANG_CXX_LANGUAGE_STANDARD = "gnu++20";
				CLANG_ENABLE_MODULES = YES;
				CLANG_ENABLE_OBJC_ARC = YES;
				CLANG_ENABLE_OBJC_WEAK = YES;
				CLANG_WARN_BLOCK_CAPTURE_AUTORELEASING = YES;
				CLANG_WARN_BOOL_CONVERSION = YES;
				CLANG_WARN_COMMA = YES;
				CLANG_WARN_CONSTANT_CONVERSION = YES;
				CLANG_WARN_DEPRECATED_OBJC_IMPLEMENTATIONS = YES;
				CLANG_WARN_DIRECT_OBJC_ISA_USAGE = YES_ERROR;
				CLANG_WARN_DOCUMENTATION_COMMENTS = YES;
				CLANG_WARN_EMPTY_BODY = YES;
				CLANG_WARN_ENUM_CONVERSION = YES;
				CLANG_WARN_INFINITE_RECURSION = YES;
				CLANG_WARN_INT_CONVERSION = YES;
				CLANG_WARN_NON_LITERAL_NULL_CONVERSION = YES;
				CLANG_WARN_OBJC_IMPLICIT_RETAIN_SELF = YES;
				CLANG_WARN_OBJC_LITERAL_CONVERSION = YES;
				CLANG_WARN_OBJC_ROOT_CLASS = YES_ERROR;
				CLANG_WARN_QUOTED_INCLUDE_IN_FRAMEWORK_HEADER = YES;
				CLANG_WARN_RANGE_LOOP_ANALYSIS = YES;
				CLANG_WARN_STRICT_PROTOTYPES = YES;
				CLANG_WARN_SUSPICIOUS_MOVE = YES;
				CLANG_WARN_UNGUARDED_AVAILABILITY = YES_AGGRESSIVE;
				CLANG_WARN_UNREACHABLE_CODE = YES;
				CLANG_WARN__DUPLICATE_METHOD_MATCH = YES;
				COPY_PHASE_STRIP = NO;
				DEBUG_INFORMATION_FORMAT = dwarf;
				ENABLE_STRICT_OBJC_MSGSEND = YES;
				ENABLE_TESTABILITY = YES;
				ENABLE_USER_SCRIPT_SANDBOXING = YES;
				GCC_C_LANGUAGE_STANDARD = gnu17;
				GCC_DYNAMIC_NO_PIC = NO;
				GCC_NO_COMMON_BLOCKS = YES;
				GCC_OPTIMIZATION_LEVEL = 0;
				GCC_PREPROCESSOR_DEFINITIONS = (
					"DEBUG=1",
					"$(inherited)",
				);
				GCC_WARN_64_TO_32_BIT_CONVERSION = YES;
				GCC_WARN_ABOUT_RETURN_TYPE = YES_ERROR;
				GCC_WARN_UNDECLARED_SELECTOR = YES;
				GCC_WARN_UNINITIALIZED_AUTOS = YES_AGGRESSIVE;
				GCC_WARN_UNUSED_FUNCTION = YES;
				GCC_WARN_UNUSED_VARIABLE = YES;
				IPHONEOS_DEPLOYMENT_TARGET = 17.5;
				LOCALIZATION_PREFERS_STRING_CATALOGS = YES;
				MTL_ENABLE_DEBUG_INFO = INCLUDE_SOURCE;
				MTL_FAST_MATH = YES;
				ONLY_ACTIVE_ARCH = YES;
				SDKROOT = iphoneos;
				SWIFT_ACTIVE_COMPILATION_CONDITIONS = "DEBUG $(inherited)";
				SWIFT_OPTIMIZATION_LEVEL = "-Onone";
			};
			name = Debug;
		};
		4D259ABB2C8941400071A220 /* Release */ = {
			isa = XCBuildConfiguration;
			buildSettings = {
				ALWAYS_SEARCH_USER_PATHS = NO;
				ASSETCATALOG_COMPILER_GENERATE_SWIFT_ASSET_SYMBOL_EXTENSIONS = YES;
				CLANG_ANALYZER_NONNULL = YES;
				CLANG_ANALYZER_NUMBER_OBJECT_CONVERSION = YES_AGGRESSIVE;
				CLANG_CXX_LANGUAGE_STANDARD = "gnu++20";
				CLANG_ENABLE_MODULES = YES;
				CLANG_ENABLE_OBJC_ARC = YES;
				CLANG_ENABLE_OBJC_WEAK = YES;
				CLANG_WARN_BLOCK_CAPTURE_AUTORELEASING = YES;
				CLANG_WARN_BOOL_CONVERSION = YES;
				CLANG_WARN_COMMA = YES;
				CLANG_WARN_CONSTANT_CONVERSION = YES;
				CLANG_WARN_DEPRECATED_OBJC_IMPLEMENTATIONS = YES;
				CLANG_WARN_DIRECT_OBJC_ISA_USAGE = YES_ERROR;
				CLANG_WARN_DOCUMENTATION_COMMENTS = YES;
				CLANG_WARN_EMPTY_BODY = YES;
				CLANG_WARN_ENUM_CONVERSION = YES;
				CLANG_WARN_INFINITE_RECURSION = YES;
				CLANG_WARN_INT_CONVERSION = YES;
				CLANG_WARN_NON_LITERAL_NULL_CONVERSION = YES;
				CLANG_WARN_OBJC_IMPLICIT_RETAIN_SELF = YES;
				CLANG_WARN_OBJC_LITERAL_CONVERSION = YES;
				CLANG_WARN_OBJC_ROOT_CLASS = YES_ERROR;
				CLANG_WARN_QUOTED_INCLUDE_IN_FRAMEWORK_HEADER = YES;
				CLANG_WARN_RANGE_LOOP_ANALYSIS = YES;
				CLANG_WARN_STRICT_PROTOTYPES = YES;
				CLANG_WARN_SUSPICIOUS_MOVE = YES;
				CLANG_WARN_UNGUARDED_AVAILABILITY = YES_AGGRESSIVE;
				CLANG_WARN_UNREACHABLE_CODE = YES;
				CLANG_WARN__DUPLICATE_METHOD_MATCH = YES;
				COPY_PHASE_STRIP = NO;
				DEBUG_INFORMATION_FORMAT = "dwarf-with-dsym";
				ENABLE_NS_ASSERTIONS = NO;
				ENABLE_STRICT_OBJC_MSGSEND = YES;
				ENABLE_USER_SCRIPT_SANDBOXING = YES;
				GCC_C_LANGUAGE_STANDARD = gnu17;
				GCC_NO_COMMON_BLOCKS = YES;
				GCC_WARN_64_TO_32_BIT_CONVERSION = YES;
				GCC_WARN_ABOUT_RETURN_TYPE = YES_ERROR;
				GCC_WARN_UNDECLARED_SELECTOR = YES;
				GCC_WARN_UNINITIALIZED_AUTOS = YES_AGGRESSIVE;
				GCC_WARN_UNUSED_FUNCTION = YES;
				GCC_WARN_UNUSED_VARIABLE = YES;
				IPHONEOS_DEPLOYMENT_TARGET = 17.5;
				LOCALIZATION_PREFERS_STRING_CATALOGS = YES;
				MTL_ENABLE_DEBUG_INFO = NO;
				MTL_FAST_MATH = YES;
				SDKROOT = iphoneos;
				SWIFT_COMPILATION_MODE = wholemodule;
				VALIDATE_PRODUCT = YES;
			};
			name = Release;
		};
		4D259ABD2C8941400071A220 /* Debug */ = {
			isa = XCBuildConfiguration;
			buildSettings = {
				ASSETCATALOG_COMPILER_APPICON_NAME = AppIcon;
				ASSETCATALOG_COMPILER_GLOBAL_ACCENT_COLOR_NAME = AccentColor;
				CODE_SIGN_STYLE = Automatic;
				CURRENT_PROJECT_VERSION = 1;
				DEVELOPMENT_ASSET_PATHS = "\"Spend Log/Preview Content\"";
				DEVELOPMENT_TEAM = 853K3F2A4U;
				ENABLE_PREVIEWS = YES;
				GENERATE_INFOPLIST_FILE = YES;
				INFOPLIST_KEY_UIApplicationSceneManifest_Generation = YES;
				INFOPLIST_KEY_UIApplicationSupportsIndirectInputEvents = YES;
				INFOPLIST_KEY_UILaunchScreen_Generation = YES;
				INFOPLIST_KEY_UISupportedInterfaceOrientations_iPad = "UIInterfaceOrientationPortrait UIInterfaceOrientationPortraitUpsideDown UIInterfaceOrientationLandscapeLeft UIInterfaceOrientationLandscapeRight";
				INFOPLIST_KEY_UISupportedInterfaceOrientations_iPhone = "UIInterfaceOrientationPortrait UIInterfaceOrientationLandscapeLeft UIInterfaceOrientationLandscapeRight";
				LD_RUNPATH_SEARCH_PATHS = (
					"$(inherited)",
					"@executable_path/Frameworks",
				);
				MARKETING_VERSION = 1.0;
				PRODUCT_BUNDLE_IDENTIFIER = "dev.shaheem.Spend-Log";
				PRODUCT_NAME = "$(TARGET_NAME)";
				SWIFT_EMIT_LOC_STRINGS = YES;
				SWIFT_VERSION = 5.0;
				TARGETED_DEVICE_FAMILY = "1,2";
			};
			name = Debug;
		};
		4D259ABE2C8941400071A220 /* Release */ = {
			isa = XCBuildConfiguration;
			buildSettings = {
				ASSETCATALOG_COMPILER_APPICON_NAME = AppIcon;
				ASSETCATALOG_COMPILER_GLOBAL_ACCENT_COLOR_NAME = AccentColor;
				CODE_SIGN_STYLE = Automatic;
				CURRENT_PROJECT_VERSION = 1;
				DEVELOPMENT_ASSET_PATHS = "\"Spend Log/Preview Content\"";
				DEVELOPMENT_TEAM = 853K3F2A4U;
				ENABLE_PREVIEWS = YES;
				GENERATE_INFOPLIST_FILE = YES;
				INFOPLIST_KEY_UIApplicationSceneManifest_Generation = YES;
				INFOPLIST_KEY_UIApplicationSupportsIndirectInputEvents = YES;
				INFOPLIST_KEY_UILaunchScreen_Generation = YES;
				INFOPLIST_KEY_UISupportedInterfaceOrientations_iPad = "UIInterfaceOrientationPortrait UIInterfaceOrientationPortraitUpsideDown UIInterfaceOrientationLandscapeLeft UIInterfaceOrientationLandscapeRight";
				INFOPLIST_KEY_UISupportedInterfaceOrientations_iPhone = "UIInterfaceOrientationPortrait UIInterfaceOrientationLandscapeLeft UIInterfaceOrientationLandscapeRight";
				LD_RUNPATH_SEARCH_PATHS = (
					"$(inherited)",
					"@executable_path/Frameworks",
				);
				MARKETING_VERSION = 1.0;
				PRODUCT_BUNDLE_IDENTIFIER = "dev.shaheem.Spend-Log";
				PRODUCT_NAME = "$(TARGET_NAME)";
				SWIFT_EMIT_LOC_STRINGS = YES;
				SWIFT_VERSION = 5.0;
				TARGETED_DEVICE_FAMILY = "1,2";
			};
			name = Release;
		};
		4D259AC02C8941400071A220 /* Debug */ = {
			isa = XCBuildConfiguration;
			buildSettings = {
				ALWAYS_EMBED_SWIFT_STANDARD_LIBRARIES = YES;
				BUNDLE_LOADER = "$(TEST_HOST)";
				CODE_SIGN_STYLE = Automatic;
				CURRENT_PROJECT_VERSION = 1;
				DEVELOPMENT_TEAM = 853K3F2A4U;
				GENERATE_INFOPLIST_FILE = YES;
				IPHONEOS_DEPLOYMENT_TARGET = 17.5;
				MARKETING_VERSION = 1.0;
				PRODUCT_BUNDLE_IDENTIFIER = "dev.shaheem.Spend-LogTests";
				PRODUCT_NAME = "$(TARGET_NAME)";
				SWIFT_EMIT_LOC_STRINGS = NO;
				SWIFT_VERSION = 5.0;
				TARGETED_DEVICE_FAMILY = "1,2";
				TEST_HOST = "$(BUILT_PRODUCTS_DIR)/Spend Log.app/$(BUNDLE_EXECUTABLE_FOLDER_PATH)/Spend Log";
			};
			name = Debug;
		};
		4D259AC12C8941400071A220 /* Release */ = {
			isa = XCBuildConfiguration;
			buildSettings = {
				ALWAYS_EMBED_SWIFT_STANDARD_LIBRARIES = YES;
				BUNDLE_LOADER = "$(TEST_HOST)";
				CODE_SIGN_STYLE = Automatic;
				CURRENT_PROJECT_VERSION = 1;
				DEVELOPMENT_TEAM = 853K3F2A4U;
				GENERATE_INFOPLIST_FILE = YES;
				IPHONEOS_DEPLOYMENT_TARGET = 17.5;
				MARKETING_VERSION = 1.0;
				PRODUCT_BUNDLE_IDENTIFIER = "dev.shaheem.Spend-LogTests";
				PRODUCT_NAME = "$(TARGET_NAME)";
				SWIFT_EMIT_LOC_STRINGS = NO;
				SWIFT_VERSION = 5.0;
				TARGETED_DEVICE_FAMILY = "1,2";
				TEST_HOST = "$(BUILT_PRODUCTS_DIR)/Spend Log.app/$(BUNDLE_EXECUTABLE_FOLDER_PATH)/Spend Log";
			};
			name = Release;
		};
		4D259AC32C8941400071A220 /* Debug */ = {
			isa = XCBuildConfiguration;
			buildSettings = {
				ALWAYS_EMBED_SWIFT_STANDARD_LIBRARIES = YES;
				CODE_SIGN_STYLE = Automatic;
				CURRENT_PROJECT_VERSION = 1;
				DEVELOPMENT_TEAM = 853K3F2A4U;
				GENERATE_INFOPLIST_FILE = YES;
				MARKETING_VERSION = 1.0;
				PRODUCT_BUNDLE_IDENTIFIER = "dev.shaheem.Spend-LogUITests";
				PRODUCT_NAME = "$(TARGET_NAME)";
				SWIFT_EMIT_LOC_STRINGS = NO;
				SWIFT_VERSION = 5.0;
				TARGETED_DEVICE_FAMILY = "1,2";
				TEST_TARGET_NAME = "Spend Log";
			};
			name = Debug;
		};
		4D259AC42C8941400071A220 /* Release */ = {
			isa = XCBuildConfiguration;
			buildSettings = {
				ALWAYS_EMBED_SWIFT_STANDARD_LIBRARIES = YES;
				CODE_SIGN_STYLE = Automatic;
				CURRENT_PROJECT_VERSION = 1;
				DEVELOPMENT_TEAM = 853K3F2A4U;
				GENERATE_INFOPLIST_FILE = YES;
				MARKETING_VERSION = 1.0;
				PRODUCT_BUNDLE_IDENTIFIER = "dev.shaheem.Spend-LogUITests";
				PRODUCT_NAME = "$(TARGET_NAME)";
				SWIFT_EMIT_LOC_STRINGS = NO;
				SWIFT_VERSION = 5.0;
				TARGETED_DEVICE_FAMILY = "1,2";
				TEST_TARGET_NAME = "Spend Log";
			};
			name = Release;
		};
/* End XCBuildConfiguration section */

/* Begin XCConfigurationList section */
		4D259A932C89413E0071A220 /* Build configuration list for PBXProject "Spend Log" */ = {
			isa = XCConfigurationList;
			buildConfigurations = (
				4D259ABA2C8941400071A220 /* Debug */,
				4D259ABB2C8941400071A220 /* Release */,
			);
			defaultConfigurationIsVisible = 0;
			defaultConfigurationName = Release;
		};
		4D259ABC2C8941400071A220 /* Build configuration list for PBXNativeTarget "Spend Log" */ = {
			isa = XCConfigurationList;
			buildConfigurations = (
				4D259ABD2C8941400071A220 /* Debug */,
				4D259ABE2C8941400071A220 /* Release */,
			);
			defaultConfigurationIsVisible = 0;
			defaultConfigurationName = Release;
		};
		4D259ABF2C8941400071A220 /* Build configuration list for PBXNativeTarget "Spend LogTests" */ = {
			isa = XCConfigurationList;
			buildConfigurations = (
				4D259AC02C8941400071A220 /* Debug */,
				4D259AC12C8941400071A220 /* Release */,
			);
			defaultConfigurationIsVisible = 0;
			defaultConfigurationName = Release;
		};
		4D259AC22C8941400071A220 /* Build configuration list for PBXNativeTarget "Spend LogUITests" */ = {
			isa = XCConfigurationList;
			buildConfigurations = (
				4D259AC32C8941400071A220 /* Debug */,
				4D259AC42C8941400071A220 /* Release */,
			);
			defaultConfigurationIsVisible = 0;
			defaultConfigurationName = Release;
		};
/* End XCConfigurationList section */
	};
	rootObject = 4D259A902C89413E0071A220 /* Project object */;
}
